
Microsoft Visual Studio Solution File, Format Version 12.00
# Visual Studio Version 17
VisualStudioVersion = 17.5.33627.172
MinimumVisualStudioVersion = 10.0.40219.1
Project("{8BC9CEB8-8B4A-11D0-8D11-00A0C91BC942}") = "1_3 variable", "1_3 variable\1_3 variable.vcxproj", "{B18F2E04-7EED-412C-8360-CCE2DC15DAA6}"
EndProject
Global
	GlobalSection(SolutionConfigurationPlatforms) = preSolution
		Debug|x64 = Debug|x64
		Debug|x86 = Debug|x86
		Release|x64 = Release|x64
		Release|x86 = Release|x86
	EndGlobalSection
	GlobalSection(ProjectConfigurationPlatforms) = postSolution
		{B18F2E04-7EED-412C-8360-CCE2DC15DAA6}.Debug|x64.ActiveCfg = Debug|x64
		{B18F2E04-7EED-412C-8360-CCE2DC15DAA6}.Debug|x64.Build.0 = Debug|x64
		{B18F2E04-7EED-412C-8360-CCE2DC15DAA6}.Debug|x86.ActiveCfg = Debug|Win32
		{B18F2E04-7EED-412C-8360-CCE2DC15DAA6}.Debug|x86.Build.0 = Debug|Win32
		{B18F2E04-7EED-412C-8360-CCE2DC15DAA6}.Release|x64.ActiveCfg = Release|x64
		{B18F2E04-7EED-412C-8360-CCE2DC15DAA6}.Release|x64.Build.0 = Release|x64
		{B18F2E04-7EED-412C-8360-CCE2DC15DAA6}.Release|x86.ActiveCfg = Release|Win32
		{B18F2E04-7EED-412C-8360-CCE2DC15DAA6}.Release|x86.Build.0 = Release|Win32
	EndGlobalSection
	GlobalSection(SolutionProperties) = preSolution
		HideSolutionNode = FALSE
	EndGlobalSection
	GlobalSection(ExtensibilityGlobals) = postSolution
		SolutionGuid = {0DE1F0D3-5363-4E9E-860B-6E1EA506308A}
	EndGlobalSection
EndGlobal
