
Microsoft Visual Studio Solution File, Format Version 12.00
# Visual Studio Version 17
VisualStudioVersion = 17.5.33627.172
MinimumVisualStudioVersion = 10.0.40219.1
Project("{8BC9CEB8-8B4A-11D0-8D11-00A0C91BC942}") = "7_01 매개변수와 실인자의 구분", "7_01 매개변수와 실인자의 구분\7_01 매개변수와 실인자의 구분.vcxproj", "{C89C660D-B054-4ACF-9A8A-736C2E75BFD8}"
EndProject
Project("{8BC9CEB8-8B4A-11D0-8D11-00A0C91BC942}") = "7_02 값에 의한 전달", "7_02 값에 의한 전달\7_02 값에 의한 전달.vcxproj", "{E55B8648-27CF-4494-A6AD-A0C116067415}"
EndProject
Project("{8BC9CEB8-8B4A-11D0-8D11-00A0C91BC942}") = "7_03 참조에 의한 인수 전달", "7_03 참조에 의한 인수 전달\7_03 참조에 의한 인수 전달.vcxproj", "{20E6E544-10F0-4EFE-9062-6DC3B96C9D84}"
EndProject
Project("{8BC9CEB8-8B4A-11D0-8D11-00A0C91BC942}") = "7_04 주소에 의한 인수 전달", "7_04 주소에 의한 인수 전달\7_04 주소에 의한 인수 전달.vcxproj", "{77849E84-488C-4FCD-912E-B3F898977683}"
EndProject
Project("{8BC9CEB8-8B4A-11D0-8D11-00A0C91BC942}") = "7_05 다양한 반환 값들(값, 참조, 주소, 구조체, 튜플)", "7_05 다양한 반환 값들(값, 참조, 주소, 구조체, 튜플)\7_05 다양한 반환 값들(값, 참조, 주소, 구조체, 튜플).vcxproj", "{52BE59A3-1688-4616-8FB2-EDC35CA6D8C0}"
EndProject
Project("{8BC9CEB8-8B4A-11D0-8D11-00A0C91BC942}") = "7_06 인라인 함수", "7_06 인라인 함수\7_06 인라인 함수.vcxproj", "{70800D57-1B8F-4126-BA41-07C9838F23FA}"
EndProject
Project("{8BC9CEB8-8B4A-11D0-8D11-00A0C91BC942}") = "7_07 함수 오버로딩", "7_07 함수 오버로딩\7_07 함수 오버로딩.vcxproj", "{EC8FD399-B8FD-46D1-9CF1-11D3A0F2C810}"
EndProject
Project("{8BC9CEB8-8B4A-11D0-8D11-00A0C91BC942}") = "7_08 매개변수의 기본값", "7_08 매개변수의 기본값\7_08 매개변수의 기본값.vcxproj", "{E5D94310-4290-4C84-B3C2-0987E700CCA3}"
EndProject
Project("{8BC9CEB8-8B4A-11D0-8D11-00A0C91BC942}") = "7_09 함수 포인터", "7_09 함수 포인터\7_09 함수 포인터.vcxproj", "{78241B07-1265-49BB-971F-7D9B6ED7EEE2}"
EndProject
Project("{8BC9CEB8-8B4A-11D0-8D11-00A0C91BC942}") = "7_10 스택과 힙", "7_10 스택과 힙\7_10 스택과 힙.vcxproj", "{EC3A8E30-F65C-4E92-A330-3D8B4C1A398A}"
EndProject
Project("{8BC9CEB8-8B4A-11D0-8D11-00A0C91BC942}") = "7_11 std vector를 스택처럼 사용하기", "7_11 std vector를 스택처럼 사용하기\7_11 std vector를 스택처럼 사용하기.vcxproj", "{0B462DDF-02FA-4F2F-8A04-C589D74199A9}"
EndProject
Project("{8BC9CEB8-8B4A-11D0-8D11-00A0C91BC942}") = "7_12 재귀적 함수 호출", "7_12 재귀적 함수 호출\7_12 재귀적 함수 호출.vcxproj", "{43595AEF-7193-47EF-AEA6-38ED4DE4A14A}"
EndProject
Project("{8BC9CEB8-8B4A-11D0-8D11-00A0C91BC942}") = "7_13 방어적 프로그래밍의 개념", "7_13 방어적 프로그래밍의 개념\7_13 방어적 프로그래밍의 개념.vcxproj", "{DF6F851D-9C32-4E97-8379-14F7E3CF4A4B}"
EndProject
Project("{8BC9CEB8-8B4A-11D0-8D11-00A0C91BC942}") = "7_14 단언하기 assert", "7_14 단언하기 assert\7_14 단언하기 assert.vcxproj", "{985A50CC-8A33-4DC0-A8E4-6B3417B9C2CD}"
EndProject
Project("{8BC9CEB8-8B4A-11D0-8D11-00A0C91BC942}") = "7_15 명령줄 인수 command line arguments", "7_15 명령줄 인수 command line arguments\7_15 명령줄 인수 command line arguments.vcxproj", "{07C9B1B7-7A7D-44F9-9FDA-8D4065EC3AED}"
EndProject
Project("{8BC9CEB8-8B4A-11D0-8D11-00A0C91BC942}") = "7_16 생략부호 Ellipsis", "7_16 생략부호 Ellipsis\7_16 생략부호 Ellipsis.vcxproj", "{D8125F25-7738-4A97-8B82-C1A83831BD1E}"
EndProject
Global
	GlobalSection(SolutionConfigurationPlatforms) = preSolution
		Debug|x64 = Debug|x64
		Debug|x86 = Debug|x86
		Release|x64 = Release|x64
		Release|x86 = Release|x86
	EndGlobalSection
	GlobalSection(ProjectConfigurationPlatforms) = postSolution
		{C89C660D-B054-4ACF-9A8A-736C2E75BFD8}.Debug|x64.ActiveCfg = Debug|x64
		{C89C660D-B054-4ACF-9A8A-736C2E75BFD8}.Debug|x64.Build.0 = Debug|x64
		{C89C660D-B054-4ACF-9A8A-736C2E75BFD8}.Debug|x86.ActiveCfg = Debug|Win32
		{C89C660D-B054-4ACF-9A8A-736C2E75BFD8}.Debug|x86.Build.0 = Debug|Win32
		{C89C660D-B054-4ACF-9A8A-736C2E75BFD8}.Release|x64.ActiveCfg = Release|x64
		{C89C660D-B054-4ACF-9A8A-736C2E75BFD8}.Release|x64.Build.0 = Release|x64
		{C89C660D-B054-4ACF-9A8A-736C2E75BFD8}.Release|x86.ActiveCfg = Release|Win32
		{C89C660D-B054-4ACF-9A8A-736C2E75BFD8}.Release|x86.Build.0 = Release|Win32
		{E55B8648-27CF-4494-A6AD-A0C116067415}.Debug|x64.ActiveCfg = Debug|x64
		{E55B8648-27CF-4494-A6AD-A0C116067415}.Debug|x64.Build.0 = Debug|x64
		{E55B8648-27CF-4494-A6AD-A0C116067415}.Debug|x86.ActiveCfg = Debug|Win32
		{E55B8648-27CF-4494-A6AD-A0C116067415}.Debug|x86.Build.0 = Debug|Win32
		{E55B8648-27CF-4494-A6AD-A0C116067415}.Release|x64.ActiveCfg = Release|x64
		{E55B8648-27CF-4494-A6AD-A0C116067415}.Release|x64.Build.0 = Release|x64
		{E55B8648-27CF-4494-A6AD-A0C116067415}.Release|x86.ActiveCfg = Release|Win32
		{E55B8648-27CF-4494-A6AD-A0C116067415}.Release|x86.Build.0 = Release|Win32
		{20E6E544-10F0-4EFE-9062-6DC3B96C9D84}.Debug|x64.ActiveCfg = Debug|x64
		{20E6E544-10F0-4EFE-9062-6DC3B96C9D84}.Debug|x64.Build.0 = Debug|x64
		{20E6E544-10F0-4EFE-9062-6DC3B96C9D84}.Debug|x86.ActiveCfg = Debug|Win32
		{20E6E544-10F0-4EFE-9062-6DC3B96C9D84}.Debug|x86.Build.0 = Debug|Win32
		{20E6E544-10F0-4EFE-9062-6DC3B96C9D84}.Release|x64.ActiveCfg = Release|x64
		{20E6E544-10F0-4EFE-9062-6DC3B96C9D84}.Release|x64.Build.0 = Release|x64
		{20E6E544-10F0-4EFE-9062-6DC3B96C9D84}.Release|x86.ActiveCfg = Release|Win32
		{20E6E544-10F0-4EFE-9062-6DC3B96C9D84}.Release|x86.Build.0 = Release|Win32
		{77849E84-488C-4FCD-912E-B3F898977683}.Debug|x64.ActiveCfg = Debug|x64
		{77849E84-488C-4FCD-912E-B3F898977683}.Debug|x64.Build.0 = Debug|x64
		{77849E84-488C-4FCD-912E-B3F898977683}.Debug|x86.ActiveCfg = Debug|Win32
		{77849E84-488C-4FCD-912E-B3F898977683}.Debug|x86.Build.0 = Debug|Win32
		{77849E84-488C-4FCD-912E-B3F898977683}.Release|x64.ActiveCfg = Release|x64
		{77849E84-488C-4FCD-912E-B3F898977683}.Release|x64.Build.0 = Release|x64
		{77849E84-488C-4FCD-912E-B3F898977683}.Release|x86.ActiveCfg = Release|Win32
		{77849E84-488C-4FCD-912E-B3F898977683}.Release|x86.Build.0 = Release|Win32
		{52BE59A3-1688-4616-8FB2-EDC35CA6D8C0}.Debug|x64.ActiveCfg = Debug|x64
		{52BE59A3-1688-4616-8FB2-EDC35CA6D8C0}.Debug|x64.Build.0 = Debug|x64
		{52BE59A3-1688-4616-8FB2-EDC35CA6D8C0}.Debug|x86.ActiveCfg = Debug|Win32
		{52BE59A3-1688-4616-8FB2-EDC35CA6D8C0}.Debug|x86.Build.0 = Debug|Win32
		{52BE59A3-1688-4616-8FB2-EDC35CA6D8C0}.Release|x64.ActiveCfg = Release|x64
		{52BE59A3-1688-4616-8FB2-EDC35CA6D8C0}.Release|x64.Build.0 = Release|x64
		{52BE59A3-1688-4616-8FB2-EDC35CA6D8C0}.Release|x86.ActiveCfg = Release|Win32
		{52BE59A3-1688-4616-8FB2-EDC35CA6D8C0}.Release|x86.Build.0 = Release|Win32
		{70800D57-1B8F-4126-BA41-07C9838F23FA}.Debug|x64.ActiveCfg = Debug|x64
		{70800D57-1B8F-4126-BA41-07C9838F23FA}.Debug|x64.Build.0 = Debug|x64
		{70800D57-1B8F-4126-BA41-07C9838F23FA}.Debug|x86.ActiveCfg = Debug|Win32
		{70800D57-1B8F-4126-BA41-07C9838F23FA}.Debug|x86.Build.0 = Debug|Win32
		{70800D57-1B8F-4126-BA41-07C9838F23FA}.Release|x64.ActiveCfg = Release|x64
		{70800D57-1B8F-4126-BA41-07C9838F23FA}.Release|x64.Build.0 = Release|x64
		{70800D57-1B8F-4126-BA41-07C9838F23FA}.Release|x86.ActiveCfg = Release|Win32
		{70800D57-1B8F-4126-BA41-07C9838F23FA}.Release|x86.Build.0 = Release|Win32
		{EC8FD399-B8FD-46D1-9CF1-11D3A0F2C810}.Debug|x64.ActiveCfg = Debug|x64
		{EC8FD399-B8FD-46D1-9CF1-11D3A0F2C810}.Debug|x64.Build.0 = Debug|x64
		{EC8FD399-B8FD-46D1-9CF1-11D3A0F2C810}.Debug|x86.ActiveCfg = Debug|Win32
		{EC8FD399-B8FD-46D1-9CF1-11D3A0F2C810}.Debug|x86.Build.0 = Debug|Win32
		{EC8FD399-B8FD-46D1-9CF1-11D3A0F2C810}.Release|x64.ActiveCfg = Release|x64
		{EC8FD399-B8FD-46D1-9CF1-11D3A0F2C810}.Release|x64.Build.0 = Release|x64
		{EC8FD399-B8FD-46D1-9CF1-11D3A0F2C810}.Release|x86.ActiveCfg = Release|Win32
		{EC8FD399-B8FD-46D1-9CF1-11D3A0F2C810}.Release|x86.Build.0 = Release|Win32
		{E5D94310-4290-4C84-B3C2-0987E700CCA3}.Debug|x64.ActiveCfg = Debug|x64
		{E5D94310-4290-4C84-B3C2-0987E700CCA3}.Debug|x64.Build.0 = Debug|x64
		{E5D94310-4290-4C84-B3C2-0987E700CCA3}.Debug|x86.ActiveCfg = Debug|Win32
		{E5D94310-4290-4C84-B3C2-0987E700CCA3}.Debug|x86.Build.0 = Debug|Win32
		{E5D94310-4290-4C84-B3C2-0987E700CCA3}.Release|x64.ActiveCfg = Release|x64
		{E5D94310-4290-4C84-B3C2-0987E700CCA3}.Release|x64.Build.0 = Release|x64
		{E5D94310-4290-4C84-B3C2-0987E700CCA3}.Release|x86.ActiveCfg = Release|Win32
		{E5D94310-4290-4C84-B3C2-0987E700CCA3}.Release|x86.Build.0 = Release|Win32
		{78241B07-1265-49BB-971F-7D9B6ED7EEE2}.Debug|x64.ActiveCfg = Debug|x64
		{78241B07-1265-49BB-971F-7D9B6ED7EEE2}.Debug|x64.Build.0 = Debug|x64
		{78241B07-1265-49BB-971F-7D9B6ED7EEE2}.Debug|x86.ActiveCfg = Debug|Win32
		{78241B07-1265-49BB-971F-7D9B6ED7EEE2}.Debug|x86.Build.0 = Debug|Win32
		{78241B07-1265-49BB-971F-7D9B6ED7EEE2}.Release|x64.ActiveCfg = Release|x64
		{78241B07-1265-49BB-971F-7D9B6ED7EEE2}.Release|x64.Build.0 = Release|x64
		{78241B07-1265-49BB-971F-7D9B6ED7EEE2}.Release|x86.ActiveCfg = Release|Win32
		{78241B07-1265-49BB-971F-7D9B6ED7EEE2}.Release|x86.Build.0 = Release|Win32
		{EC3A8E30-F65C-4E92-A330-3D8B4C1A398A}.Debug|x64.ActiveCfg = Debug|x64
		{EC3A8E30-F65C-4E92-A330-3D8B4C1A398A}.Debug|x64.Build.0 = Debug|x64
		{EC3A8E30-F65C-4E92-A330-3D8B4C1A398A}.Debug|x86.ActiveCfg = Debug|Win32
		{EC3A8E30-F65C-4E92-A330-3D8B4C1A398A}.Debug|x86.Build.0 = Debug|Win32
		{EC3A8E30-F65C-4E92-A330-3D8B4C1A398A}.Release|x64.ActiveCfg = Release|x64
		{EC3A8E30-F65C-4E92-A330-3D8B4C1A398A}.Release|x64.Build.0 = Release|x64
		{EC3A8E30-F65C-4E92-A330-3D8B4C1A398A}.Release|x86.ActiveCfg = Release|Win32
		{EC3A8E30-F65C-4E92-A330-3D8B4C1A398A}.Release|x86.Build.0 = Release|Win32
		{0B462DDF-02FA-4F2F-8A04-C589D74199A9}.Debug|x64.ActiveCfg = Debug|x64
		{0B462DDF-02FA-4F2F-8A04-C589D74199A9}.Debug|x64.Build.0 = Debug|x64
		{0B462DDF-02FA-4F2F-8A04-C589D74199A9}.Debug|x86.ActiveCfg = Debug|Win32
		{0B462DDF-02FA-4F2F-8A04-C589D74199A9}.Debug|x86.Build.0 = Debug|Win32
		{0B462DDF-02FA-4F2F-8A04-C589D74199A9}.Release|x64.ActiveCfg = Release|x64
		{0B462DDF-02FA-4F2F-8A04-C589D74199A9}.Release|x64.Build.0 = Release|x64
		{0B462DDF-02FA-4F2F-8A04-C589D74199A9}.Release|x86.ActiveCfg = Release|Win32
		{0B462DDF-02FA-4F2F-8A04-C589D74199A9}.Release|x86.Build.0 = Release|Win32
		{43595AEF-7193-47EF-AEA6-38ED4DE4A14A}.Debug|x64.ActiveCfg = Debug|x64
		{43595AEF-7193-47EF-AEA6-38ED4DE4A14A}.Debug|x64.Build.0 = Debug|x64
		{43595AEF-7193-47EF-AEA6-38ED4DE4A14A}.Debug|x86.ActiveCfg = Debug|Win32
		{43595AEF-7193-47EF-AEA6-38ED4DE4A14A}.Debug|x86.Build.0 = Debug|Win32
		{43595AEF-7193-47EF-AEA6-38ED4DE4A14A}.Release|x64.ActiveCfg = Release|x64
		{43595AEF-7193-47EF-AEA6-38ED4DE4A14A}.Release|x64.Build.0 = Release|x64
		{43595AEF-7193-47EF-AEA6-38ED4DE4A14A}.Release|x86.ActiveCfg = Release|Win32
		{43595AEF-7193-47EF-AEA6-38ED4DE4A14A}.Release|x86.Build.0 = Release|Win32
		{DF6F851D-9C32-4E97-8379-14F7E3CF4A4B}.Debug|x64.ActiveCfg = Debug|x64
		{DF6F851D-9C32-4E97-8379-14F7E3CF4A4B}.Debug|x64.Build.0 = Debug|x64
		{DF6F851D-9C32-4E97-8379-14F7E3CF4A4B}.Debug|x86.ActiveCfg = Debug|Win32
		{DF6F851D-9C32-4E97-8379-14F7E3CF4A4B}.Debug|x86.Build.0 = Debug|Win32
		{DF6F851D-9C32-4E97-8379-14F7E3CF4A4B}.Release|x64.ActiveCfg = Release|x64
		{DF6F851D-9C32-4E97-8379-14F7E3CF4A4B}.Release|x64.Build.0 = Release|x64
		{DF6F851D-9C32-4E97-8379-14F7E3CF4A4B}.Release|x86.ActiveCfg = Release|Win32
		{DF6F851D-9C32-4E97-8379-14F7E3CF4A4B}.Release|x86.Build.0 = Release|Win32
		{985A50CC-8A33-4DC0-A8E4-6B3417B9C2CD}.Debug|x64.ActiveCfg = Debug|x64
		{985A50CC-8A33-4DC0-A8E4-6B3417B9C2CD}.Debug|x64.Build.0 = Debug|x64
		{985A50CC-8A33-4DC0-A8E4-6B3417B9C2CD}.Debug|x86.ActiveCfg = Debug|Win32
		{985A50CC-8A33-4DC0-A8E4-6B3417B9C2CD}.Debug|x86.Build.0 = Debug|Win32
		{985A50CC-8A33-4DC0-A8E4-6B3417B9C2CD}.Release|x64.ActiveCfg = Release|x64
		{985A50CC-8A33-4DC0-A8E4-6B3417B9C2CD}.Release|x64.Build.0 = Release|x64
		{985A50CC-8A33-4DC0-A8E4-6B3417B9C2CD}.Release|x86.ActiveCfg = Release|Win32
		{985A50CC-8A33-4DC0-A8E4-6B3417B9C2CD}.Release|x86.Build.0 = Release|Win32
		{07C9B1B7-7A7D-44F9-9FDA-8D4065EC3AED}.Debug|x64.ActiveCfg = Debug|x64
		{07C9B1B7-7A7D-44F9-9FDA-8D4065EC3AED}.Debug|x64.Build.0 = Debug|x64
		{07C9B1B7-7A7D-44F9-9FDA-8D4065EC3AED}.Debug|x86.ActiveCfg = Debug|Win32
		{07C9B1B7-7A7D-44F9-9FDA-8D4065EC3AED}.Debug|x86.Build.0 = Debug|Win32
		{07C9B1B7-7A7D-44F9-9FDA-8D4065EC3AED}.Release|x64.ActiveCfg = Release|x64
		{07C9B1B7-7A7D-44F9-9FDA-8D4065EC3AED}.Release|x64.Build.0 = Release|x64
		{07C9B1B7-7A7D-44F9-9FDA-8D4065EC3AED}.Release|x86.ActiveCfg = Release|Win32
		{07C9B1B7-7A7D-44F9-9FDA-8D4065EC3AED}.Release|x86.Build.0 = Release|Win32
		{D8125F25-7738-4A97-8B82-C1A83831BD1E}.Debug|x64.ActiveCfg = Debug|x64
		{D8125F25-7738-4A97-8B82-C1A83831BD1E}.Debug|x64.Build.0 = Debug|x64
		{D8125F25-7738-4A97-8B82-C1A83831BD1E}.Debug|x86.ActiveCfg = Debug|Win32
		{D8125F25-7738-4A97-8B82-C1A83831BD1E}.Debug|x86.Build.0 = Debug|Win32
		{D8125F25-7738-4A97-8B82-C1A83831BD1E}.Release|x64.ActiveCfg = Release|x64
		{D8125F25-7738-4A97-8B82-C1A83831BD1E}.Release|x64.Build.0 = Release|x64
		{D8125F25-7738-4A97-8B82-C1A83831BD1E}.Release|x86.ActiveCfg = Release|Win32
		{D8125F25-7738-4A97-8B82-C1A83831BD1E}.Release|x86.Build.0 = Release|Win32
	EndGlobalSection
	GlobalSection(SolutionProperties) = preSolution
		HideSolutionNode = FALSE
	EndGlobalSection
	GlobalSection(ExtensibilityGlobals) = postSolution
		SolutionGuid = {BE8D6B88-8FA5-49A7-88E7-438C46CEAEC9}
	EndGlobalSection
EndGlobal
