<?xml version="1.0" encoding="utf-8"?>
<Project ToolsVersion="4.0" xmlns="http://schemas.microsoft.com/developer/msbuild/2003">
  <ItemGroup>
    <Filter Include="Source Files">
      <UniqueIdentifier>{4FC737F1-C7A5-4376-A066-2A32D752A2FF}</UniqueIdentifier>
      <Extensions>cpp;c;cc;cxx;c++;cppm;ixx;def;odl;idl;hpj;bat;asm;asmx</Extensions>
    </Filter>
    <Filter Include="Header Files">
      <UniqueIdentifier>{93995380-89BD-4b04-88EB-625FBE52EBFB}</UniqueIdentifier>
      <Extensions>h;hh;hpp;hxx;h++;hm;inl;inc;ipp;xsd</Extensions>
    </Filter>
    <Filter Include="1111~6666 사진">
      <UniqueIdentifier>{67DA6AB6-F800-4c08-8B7A-83BB121AAD01}</UniqueIdentifier>
      <Extensions>rc;ico;cur;bmp;dlg;rc2;rct;bin;rgs;gif;jpg;jpeg;jpe;resx;tiff;tif;png;wav;mfcribbon-ms</Extensions>
    </Filter>
  </ItemGroup>
  <ItemGroup>
    <ClCompile Include="7_10.cpp">
      <Filter>Source Files</Filter>
    </ClCompile>
  </ItemGroup>
  <ItemGroup>
    <Image Include="..\..\..\..\5555-1.PNG">
      <Filter>1111~6666 사진</Filter>
    </Image>
    <Image Include="..\..\..\..\5555-2.PNG">
      <Filter>1111~6666 사진</Filter>
    </Image>
    <Image Include="..\..\..\..\5555-3.PNG">
      <Filter>1111~6666 사진</Filter>
    </Image>
    <Image Include="..\..\..\..\5555-4.PNG">
      <Filter>1111~6666 사진</Filter>
    </Image>
    <Image Include="..\..\..\..\6666.PNG">
      <Filter>1111~6666 사진</Filter>
    </Image>
    <Image Include="..\..\..\..\6666-1.PNG">
      <Filter>1111~6666 사진</Filter>
    </Image>
    <Image Include="..\..\..\..\6666-2.PNG">
      <Filter>1111~6666 사진</Filter>
    </Image>
    <Image Include="..\..\..\..\1111.PNG">
      <Filter>1111~6666 사진</Filter>
    </Image>
    <Image Include="..\..\..\..\2222.PNG">
      <Filter>1111~6666 사진</Filter>
    </Image>
    <Image Include="..\..\..\..\2222-1.PNG">
      <Filter>1111~6666 사진</Filter>
    </Image>
    <Image Include="..\..\..\..\2222-2.PNG">
      <Filter>1111~6666 사진</Filter>
    </Image>
    <Image Include="..\..\..\..\2222-3.PNG">
      <Filter>1111~6666 사진</Filter>
    </Image>
    <Image Include="..\..\..\..\2222-4.PNG">
      <Filter>1111~6666 사진</Filter>
    </Image>
    <Image Include="..\..\..\..\3333.PNG">
      <Filter>1111~6666 사진</Filter>
    </Image>
    <Image Include="..\..\..\..\3333-1.PNG">
      <Filter>1111~6666 사진</Filter>
    </Image>
    <Image Include="..\..\..\..\3333-2.PNG">
      <Filter>1111~6666 사진</Filter>
    </Image>
    <Image Include="..\..\..\..\3333-3.PNG">
      <Filter>1111~6666 사진</Filter>
    </Image>
    <Image Include="..\..\..\..\4444.PNG">
      <Filter>1111~6666 사진</Filter>
    </Image>
    <Image Include="..\..\..\..\4444-1.PNG">
      <Filter>1111~6666 사진</Filter>
    </Image>
    <Image Include="..\..\..\..\5555.PNG">
      <Filter>1111~6666 사진</Filter>
    </Image>
  </ItemGroup>
</Project>